
Microsoft Visual Studio Solution File, Format Version 12.00
# Visual Studio Version 17
VisualStudioVersion = 17.5.33414.496
MinimumVisualStudioVersion = 10.0.40219.1
Project("{FAE04EC0-301F-11D3-BF4B-00C04F79EFBC}") = "SummationCombination", "SummationCombination\SummationCombination.csproj", "{801C12EB-9BFE-41BD-8AF4-AE79BDD53088}"
EndProject
Global
	GlobalSection(SolutionConfigurationPlatforms) = preSolution
		Debug|Any CPU = Debug|Any CPU
		Release|Any CPU = Release|Any CPU
	EndGlobalSection
	GlobalSection(ProjectConfigurationPlatforms) = postSolution
		{801C12EB-9BFE-41BD-8AF4-AE79BDD53088}.Debug|Any CPU.ActiveCfg = Debug|Any CPU
		{801C12EB-9BFE-41BD-8AF4-AE79BDD53088}.Debug|Any CPU.Build.0 = Debug|Any CPU
		{801C12EB-9BFE-41BD-8AF4-AE79BDD53088}.Release|Any CPU.ActiveCfg = Release|Any CPU
		{801C12EB-9BFE-41BD-8AF4-AE79BDD53088}.Release|Any CPU.Build.0 = Release|Any CPU
	EndGlobalSection
	GlobalSection(SolutionProperties) = preSolution
		HideSolutionNode = FALSE
	EndGlobalSection
	GlobalSection(ExtensibilityGlobals) = postSolution
		SolutionGuid = {66947293-9C65-4C94-9043-E2A1ED1A3FE5}
	EndGlobalSection
EndGlobal
